
Microsoft Visual Studio Solution File, Format Version 12.00
# Visual Studio Version 16
VisualStudioVersion = 25.0.1706.7
MinimumVisualStudioVersion = 10.0.40219.1
Project("{FAE04EC0-301F-11D3-BF4B-00C04F79EFBC}") = "tatais", "tatais.csproj", "{2EE02355-71F0-41C0-A122-FCF82DC30CB5}"
EndProject
Global
	GlobalSection(SolutionConfigurationPlatforms) = preSolution
		Debug|Any CPU = Debug|Any CPU
		Release|Any CPU = Release|Any CPU
	EndGlobalSection
	GlobalSection(ProjectConfigurationPlatforms) = postSolution
		{2EE02355-71F0-41C0-A122-FCF82DC30CB5}.Debug|Any CPU.ActiveCfg = Debug|Any CPU
		{2EE02355-71F0-41C0-A122-FCF82DC30CB5}.Debug|Any CPU.Build.0 = Debug|Any CPU
		{2EE02355-71F0-41C0-A122-FCF82DC30CB5}.Release|Any CPU.ActiveCfg = Release|Any CPU
		{2EE02355-71F0-41C0-A122-FCF82DC30CB5}.Release|Any CPU.Build.0 = Release|Any CPU
	EndGlobalSection
	GlobalSection(SolutionProperties) = preSolution
		HideSolutionNode = FALSE
	EndGlobalSection
	GlobalSection(ExtensibilityGlobals) = postSolution
		SolutionGuid = {C8294353-73D1-454A-941F-2BA5037488A3}
	EndGlobalSection
EndGlobal
