
Microsoft Visual Studio Solution File, Format Version 12.00
# Visual Studio Version 16
VisualStudioVersion = 25.0.1706.7
MinimumVisualStudioVersion = 10.0.40219.1
Project("{FAE04EC0-301F-11D3-BF4B-00C04F79EFBC}") = "tatais", "tatais\tatais.csproj", "{4AF23A9F-04F0-4FF8-9729-C8EA8F72B7F1}"
EndProject
Global
	GlobalSection(SolutionConfigurationPlatforms) = preSolution
		Debug|Any CPU = Debug|Any CPU
		Release|Any CPU = Release|Any CPU
	EndGlobalSection
	GlobalSection(ProjectConfigurationPlatforms) = postSolution
		{4AF23A9F-04F0-4FF8-9729-C8EA8F72B7F1}.Debug|Any CPU.ActiveCfg = Debug|Any CPU
		{4AF23A9F-04F0-4FF8-9729-C8EA8F72B7F1}.Debug|Any CPU.Build.0 = Debug|Any CPU
		{4AF23A9F-04F0-4FF8-9729-C8EA8F72B7F1}.Release|Any CPU.ActiveCfg = Release|Any CPU
		{4AF23A9F-04F0-4FF8-9729-C8EA8F72B7F1}.Release|Any CPU.Build.0 = Release|Any CPU
	EndGlobalSection
	GlobalSection(SolutionProperties) = preSolution
		HideSolutionNode = FALSE
	EndGlobalSection
	GlobalSection(ExtensibilityGlobals) = postSolution
		SolutionGuid = {47D45755-7CF8-4870-B0A1-0D932FFF90F3}
	EndGlobalSection
EndGlobal
